
Microsoft Visual Studio Solution File, Format Version 12.00
# Visual Studio Version 17
VisualStudioVersion = 17.5.002.0
MinimumVisualStudioVersion = 10.0.40219.1
Project("{9A19103F-16F7-4668-BE54-9A1E7A4F7556}") = "StoreApp", "StoreApp.csproj", "{5BDB53C5-B98E-43DA-B56B-F94CD0F15BB5}"
EndProject
Global
	GlobalSection(SolutionConfigurationPlatforms) = preSolution
		Debug|Any CPU = Debug|Any CPU
		Release|Any CPU = Release|Any CPU
	EndGlobalSection
	GlobalSection(ProjectConfigurationPlatforms) = postSolution
		{5BDB53C5-B98E-43DA-B56B-F94CD0F15BB5}.Debug|Any CPU.ActiveCfg = Debug|Any CPU
		{5BDB53C5-B98E-43DA-B56B-F94CD0F15BB5}.Debug|Any CPU.Build.0 = Debug|Any CPU
		{5BDB53C5-B98E-43DA-B56B-F94CD0F15BB5}.Release|Any CPU.ActiveCfg = Release|Any CPU
		{5BDB53C5-B98E-43DA-B56B-F94CD0F15BB5}.Release|Any CPU.Build.0 = Release|Any CPU
	EndGlobalSection
	GlobalSection(SolutionProperties) = preSolution
		HideSolutionNode = FALSE
	EndGlobalSection
	GlobalSection(ExtensibilityGlobals) = postSolution
		SolutionGuid = {83F9C3FA-9AB5-46D5-9E45-9783162A64FB}
	EndGlobalSection
EndGlobal
